
Microsoft Visual Studio Solution File, Format Version 12.00
# Visual Studio 14
VisualStudioVersion = 14.0.23107.0
MinimumVisualStudioVersion = 10.0.40219.1
Project("{FAE04EC0-301F-11D3-BF4B-00C04F79EFBC}") = "Core", "Mejram\Mejram.csproj", "{77200C1B-0DC8-424F-86A7-CFC53C6E676D}"
EndProject
Project("{FAE04EC0-301F-11D3-BF4B-00C04F79EFBC}") = "Tests", "Mejram.Tests\Tests.csproj", "{2D449097-96D2-4658-B9CF-B217A15E94E4}"
EndProject
Project("{FAE04EC0-301F-11D3-BF4B-00C04F79EFBC}") = "Mejram", "Mejram.Console\Mejram.Console.csproj", "{A7B624EA-4325-4C0F-872D-BA81B24CC088}"
EndProject
Project("{F2A71F9B-5D33-465A-A702-920D77279786}") = "MejramFs", "MejramFs\MejramFs.fsproj", "{BA4F7530-DB2B-4E78-BFEF-6BEB3DAE60AA}"
EndProject
Global
	GlobalSection(SolutionConfigurationPlatforms) = preSolution
		Debug|Any CPU = Debug|Any CPU
		Debug|x64 = Debug|x64
		Release|Any CPU = Release|Any CPU
		Release|x64 = Release|x64
	EndGlobalSection
	GlobalSection(ProjectConfigurationPlatforms) = postSolution
		{77200C1B-0DC8-424F-86A7-CFC53C6E676D}.Debug|Any CPU.ActiveCfg = Debug|Any CPU
		{77200C1B-0DC8-424F-86A7-CFC53C6E676D}.Debug|Any CPU.Build.0 = Debug|Any CPU
		{77200C1B-0DC8-424F-86A7-CFC53C6E676D}.Debug|x64.ActiveCfg = Debug|Any CPU
		{77200C1B-0DC8-424F-86A7-CFC53C6E676D}.Release|Any CPU.ActiveCfg = Release|Any CPU
		{77200C1B-0DC8-424F-86A7-CFC53C6E676D}.Release|Any CPU.Build.0 = Release|Any CPU
		{77200C1B-0DC8-424F-86A7-CFC53C6E676D}.Release|x64.ActiveCfg = Release|Any CPU
		{2D449097-96D2-4658-B9CF-B217A15E94E4}.Debug|Any CPU.ActiveCfg = Debug|Any CPU
		{2D449097-96D2-4658-B9CF-B217A15E94E4}.Debug|Any CPU.Build.0 = Debug|Any CPU
		{2D449097-96D2-4658-B9CF-B217A15E94E4}.Debug|x64.ActiveCfg = Debug|Any CPU
		{2D449097-96D2-4658-B9CF-B217A15E94E4}.Release|Any CPU.ActiveCfg = Release|Any CPU
		{2D449097-96D2-4658-B9CF-B217A15E94E4}.Release|Any CPU.Build.0 = Release|Any CPU
		{2D449097-96D2-4658-B9CF-B217A15E94E4}.Release|x64.ActiveCfg = Release|Any CPU
		{A7B624EA-4325-4C0F-872D-BA81B24CC088}.Debug|Any CPU.ActiveCfg = Debug|Any CPU
		{A7B624EA-4325-4C0F-872D-BA81B24CC088}.Debug|Any CPU.Build.0 = Debug|Any CPU
		{A7B624EA-4325-4C0F-872D-BA81B24CC088}.Debug|x64.ActiveCfg = Debug|Any CPU
		{A7B624EA-4325-4C0F-872D-BA81B24CC088}.Release|Any CPU.ActiveCfg = Release|Any CPU
		{A7B624EA-4325-4C0F-872D-BA81B24CC088}.Release|Any CPU.Build.0 = Release|Any CPU
		{A7B624EA-4325-4C0F-872D-BA81B24CC088}.Release|x64.ActiveCfg = Release|Any CPU
		{BA4F7530-DB2B-4E78-BFEF-6BEB3DAE60AA}.Debug|Any CPU.ActiveCfg = Debug|Any CPU
		{BA4F7530-DB2B-4E78-BFEF-6BEB3DAE60AA}.Debug|Any CPU.Build.0 = Debug|Any CPU
		{BA4F7530-DB2B-4E78-BFEF-6BEB3DAE60AA}.Debug|x64.ActiveCfg = Debug|Any CPU
		{BA4F7530-DB2B-4E78-BFEF-6BEB3DAE60AA}.Debug|x64.Build.0 = Debug|Any CPU
		{BA4F7530-DB2B-4E78-BFEF-6BEB3DAE60AA}.Release|Any CPU.ActiveCfg = Release|Any CPU
		{BA4F7530-DB2B-4E78-BFEF-6BEB3DAE60AA}.Release|Any CPU.Build.0 = Release|Any CPU
		{BA4F7530-DB2B-4E78-BFEF-6BEB3DAE60AA}.Release|x64.ActiveCfg = Release|Any CPU
		{BA4F7530-DB2B-4E78-BFEF-6BEB3DAE60AA}.Release|x64.Build.0 = Release|Any CPU
	EndGlobalSection
	GlobalSection(SolutionProperties) = preSolution
		HideSolutionNode = FALSE
	EndGlobalSection
EndGlobal
